
Microsoft Visual Studio Solution File, Format Version 12.00
# Visual Studio 15
VisualStudioVersion = 15.0.28307.572
MinimumVisualStudioVersion = 10.0.40219.1
Project("{FAE04EC0-301F-11D3-BF4B-00C04F79EFBC}") = "Acesoft.Store.Android", "Acesoft.Store.Android\Acesoft.Store.Android.csproj", "{FF496B97-4166-4827-827D-F28F466E7DE8}"
EndProject
Project("{FAE04EC0-301F-11D3-BF4B-00C04F79EFBC}") = "Acesoft.Store.iOS", "Acesoft.Store.iOS\Acesoft.Store.iOS.csproj", "{3CB93CA6-9EA8-4473-A359-44037FD4AA57}"
EndProject
Project("{9A19103F-16F7-4668-BE54-9A1E7A4F7556}") = "Acesoft.Store", "Acesoft.Store\Acesoft.Store.csproj", "{8E33ABC5-EC6C-4D84-9F83-95EFB8EF449D}"
EndProject
Project("{9A19103F-16F7-4668-BE54-9A1E7A4F7556}") = "Acesoft.Util", "Acesoft.Util\Acesoft.Util.csproj", "{A2842EB9-636D-4B83-B9D4-0A4F41D0B6B0}"
EndProject
Project("{9A19103F-16F7-4668-BE54-9A1E7A4F7556}") = "Acesoft", "Acesoft.App\Acesoft.csproj", "{CB2C4F46-DD71-48C9-9F75-FA295E8AE7F9}"
EndProject
Global
	GlobalSection(SolutionConfigurationPlatforms) = preSolution
		Debug|Any CPU = Debug|Any CPU
		Debug|iPhone = Debug|iPhone
		Debug|iPhoneSimulator = Debug|iPhoneSimulator
		Release|Any CPU = Release|Any CPU
		Release|iPhone = Release|iPhone
		Release|iPhoneSimulator = Release|iPhoneSimulator
	EndGlobalSection
	GlobalSection(ProjectConfigurationPlatforms) = postSolution
		{FF496B97-4166-4827-827D-F28F466E7DE8}.Debug|Any CPU.ActiveCfg = Debug|Any CPU
		{FF496B97-4166-4827-827D-F28F466E7DE8}.Debug|Any CPU.Build.0 = Debug|Any CPU
		{FF496B97-4166-4827-827D-F28F466E7DE8}.Debug|Any CPU.Deploy.0 = Debug|Any CPU
		{FF496B97-4166-4827-827D-F28F466E7DE8}.Debug|iPhone.ActiveCfg = Debug|Any CPU
		{FF496B97-4166-4827-827D-F28F466E7DE8}.Debug|iPhone.Build.0 = Debug|Any CPU
		{FF496B97-4166-4827-827D-F28F466E7DE8}.Debug|iPhone.Deploy.0 = Debug|Any CPU
		{FF496B97-4166-4827-827D-F28F466E7DE8}.Debug|iPhoneSimulator.ActiveCfg = Debug|Any CPU
		{FF496B97-4166-4827-827D-F28F466E7DE8}.Debug|iPhoneSimulator.Build.0 = Debug|Any CPU
		{FF496B97-4166-4827-827D-F28F466E7DE8}.Debug|iPhoneSimulator.Deploy.0 = Debug|Any CPU
		{FF496B97-4166-4827-827D-F28F466E7DE8}.Release|Any CPU.ActiveCfg = Release|Any CPU
		{FF496B97-4166-4827-827D-F28F466E7DE8}.Release|Any CPU.Build.0 = Release|Any CPU
		{FF496B97-4166-4827-827D-F28F466E7DE8}.Release|Any CPU.Deploy.0 = Release|Any CPU
		{FF496B97-4166-4827-827D-F28F466E7DE8}.Release|iPhone.ActiveCfg = Release|Any CPU
		{FF496B97-4166-4827-827D-F28F466E7DE8}.Release|iPhone.Build.0 = Release|Any CPU
		{FF496B97-4166-4827-827D-F28F466E7DE8}.Release|iPhone.Deploy.0 = Release|Any CPU
		{FF496B97-4166-4827-827D-F28F466E7DE8}.Release|iPhoneSimulator.ActiveCfg = Release|Any CPU
		{FF496B97-4166-4827-827D-F28F466E7DE8}.Release|iPhoneSimulator.Build.0 = Release|Any CPU
		{FF496B97-4166-4827-827D-F28F466E7DE8}.Release|iPhoneSimulator.Deploy.0 = Release|Any CPU
		{3CB93CA6-9EA8-4473-A359-44037FD4AA57}.Debug|Any CPU.ActiveCfg = Debug|iPhoneSimulator
		{3CB93CA6-9EA8-4473-A359-44037FD4AA57}.Debug|Any CPU.Build.0 = Debug|iPhoneSimulator
		{3CB93CA6-9EA8-4473-A359-44037FD4AA57}.Debug|Any CPU.Deploy.0 = Debug|iPhoneSimulator
		{3CB93CA6-9EA8-4473-A359-44037FD4AA57}.Debug|iPhone.ActiveCfg = Debug|iPhone
		{3CB93CA6-9EA8-4473-A359-44037FD4AA57}.Debug|iPhone.Build.0 = Debug|iPhone
		{3CB93CA6-9EA8-4473-A359-44037FD4AA57}.Debug|iPhone.Deploy.0 = Debug|iPhone
		{3CB93CA6-9EA8-4473-A359-44037FD4AA57}.Debug|iPhoneSimulator.ActiveCfg = Debug|iPhoneSimulator
		{3CB93CA6-9EA8-4473-A359-44037FD4AA57}.Debug|iPhoneSimulator.Build.0 = Debug|iPhoneSimulator
		{3CB93CA6-9EA8-4473-A359-44037FD4AA57}.Debug|iPhoneSimulator.Deploy.0 = Debug|iPhoneSimulator
		{3CB93CA6-9EA8-4473-A359-44037FD4AA57}.Release|Any CPU.ActiveCfg = Release|iPhone
		{3CB93CA6-9EA8-4473-A359-44037FD4AA57}.Release|Any CPU.Build.0 = Release|iPhone
		{3CB93CA6-9EA8-4473-A359-44037FD4AA57}.Release|Any CPU.Deploy.0 = Release|iPhone
		{3CB93CA6-9EA8-4473-A359-44037FD4AA57}.Release|iPhone.ActiveCfg = Release|iPhone
		{3CB93CA6-9EA8-4473-A359-44037FD4AA57}.Release|iPhone.Build.0 = Release|iPhone
		{3CB93CA6-9EA8-4473-A359-44037FD4AA57}.Release|iPhone.Deploy.0 = Release|iPhone
		{3CB93CA6-9EA8-4473-A359-44037FD4AA57}.Release|iPhoneSimulator.ActiveCfg = Release|iPhoneSimulator
		{3CB93CA6-9EA8-4473-A359-44037FD4AA57}.Release|iPhoneSimulator.Build.0 = Release|iPhoneSimulator
		{3CB93CA6-9EA8-4473-A359-44037FD4AA57}.Release|iPhoneSimulator.Deploy.0 = Release|iPhoneSimulator
		{8E33ABC5-EC6C-4D84-9F83-95EFB8EF449D}.Debug|Any CPU.ActiveCfg = Debug|Any CPU
		{8E33ABC5-EC6C-4D84-9F83-95EFB8EF449D}.Debug|Any CPU.Build.0 = Debug|Any CPU
		{8E33ABC5-EC6C-4D84-9F83-95EFB8EF449D}.Debug|Any CPU.Deploy.0 = Debug|Any CPU
		{8E33ABC5-EC6C-4D84-9F83-95EFB8EF449D}.Debug|iPhone.ActiveCfg = Debug|Any CPU
		{8E33ABC5-EC6C-4D84-9F83-95EFB8EF449D}.Debug|iPhone.Build.0 = Debug|Any CPU
		{8E33ABC5-EC6C-4D84-9F83-95EFB8EF449D}.Debug|iPhone.Deploy.0 = Debug|Any CPU
		{8E33ABC5-EC6C-4D84-9F83-95EFB8EF449D}.Debug|iPhoneSimulator.ActiveCfg = Debug|Any CPU
		{8E33ABC5-EC6C-4D84-9F83-95EFB8EF449D}.Debug|iPhoneSimulator.Build.0 = Debug|Any CPU
		{8E33ABC5-EC6C-4D84-9F83-95EFB8EF449D}.Debug|iPhoneSimulator.Deploy.0 = Debug|Any CPU
		{8E33ABC5-EC6C-4D84-9F83-95EFB8EF449D}.Release|Any CPU.ActiveCfg = Release|Any CPU
		{8E33ABC5-EC6C-4D84-9F83-95EFB8EF449D}.Release|Any CPU.Build.0 = Release|Any CPU
		{8E33ABC5-EC6C-4D84-9F83-95EFB8EF449D}.Release|Any CPU.Deploy.0 = Release|Any CPU
		{8E33ABC5-EC6C-4D84-9F83-95EFB8EF449D}.Release|iPhone.ActiveCfg = Release|Any CPU
		{8E33ABC5-EC6C-4D84-9F83-95EFB8EF449D}.Release|iPhone.Build.0 = Release|Any CPU
		{8E33ABC5-EC6C-4D84-9F83-95EFB8EF449D}.Release|iPhone.Deploy.0 = Release|Any CPU
		{8E33ABC5-EC6C-4D84-9F83-95EFB8EF449D}.Release|iPhoneSimulator.ActiveCfg = Release|Any CPU
		{8E33ABC5-EC6C-4D84-9F83-95EFB8EF449D}.Release|iPhoneSimulator.Build.0 = Release|Any CPU
		{8E33ABC5-EC6C-4D84-9F83-95EFB8EF449D}.Release|iPhoneSimulator.Deploy.0 = Release|Any CPU
		{A2842EB9-636D-4B83-B9D4-0A4F41D0B6B0}.Debug|Any CPU.ActiveCfg = Debug|Any CPU
		{A2842EB9-636D-4B83-B9D4-0A4F41D0B6B0}.Debug|Any CPU.Build.0 = Debug|Any CPU
		{A2842EB9-636D-4B83-B9D4-0A4F41D0B6B0}.Debug|iPhone.ActiveCfg = Debug|Any CPU
		{A2842EB9-636D-4B83-B9D4-0A4F41D0B6B0}.Debug|iPhone.Build.0 = Debug|Any CPU
		{A2842EB9-636D-4B83-B9D4-0A4F41D0B6B0}.Debug|iPhoneSimulator.ActiveCfg = Debug|Any CPU
		{A2842EB9-636D-4B83-B9D4-0A4F41D0B6B0}.Debug|iPhoneSimulator.Build.0 = Debug|Any CPU
		{A2842EB9-636D-4B83-B9D4-0A4F41D0B6B0}.Release|Any CPU.ActiveCfg = Release|Any CPU
		{A2842EB9-636D-4B83-B9D4-0A4F41D0B6B0}.Release|Any CPU.Build.0 = Release|Any CPU
		{A2842EB9-636D-4B83-B9D4-0A4F41D0B6B0}.Release|iPhone.ActiveCfg = Release|Any CPU
		{A2842EB9-636D-4B83-B9D4-0A4F41D0B6B0}.Release|iPhone.Build.0 = Release|Any CPU
		{A2842EB9-636D-4B83-B9D4-0A4F41D0B6B0}.Release|iPhoneSimulator.ActiveCfg = Release|Any CPU
		{A2842EB9-636D-4B83-B9D4-0A4F41D0B6B0}.Release|iPhoneSimulator.Build.0 = Release|Any CPU
		{CB2C4F46-DD71-48C9-9F75-FA295E8AE7F9}.Debug|Any CPU.ActiveCfg = Debug|Any CPU
		{CB2C4F46-DD71-48C9-9F75-FA295E8AE7F9}.Debug|Any CPU.Build.0 = Debug|Any CPU
		{CB2C4F46-DD71-48C9-9F75-FA295E8AE7F9}.Debug|iPhone.ActiveCfg = Debug|Any CPU
		{CB2C4F46-DD71-48C9-9F75-FA295E8AE7F9}.Debug|iPhone.Build.0 = Debug|Any CPU
		{CB2C4F46-DD71-48C9-9F75-FA295E8AE7F9}.Debug|iPhoneSimulator.ActiveCfg = Debug|Any CPU
		{CB2C4F46-DD71-48C9-9F75-FA295E8AE7F9}.Debug|iPhoneSimulator.Build.0 = Debug|Any CPU
		{CB2C4F46-DD71-48C9-9F75-FA295E8AE7F9}.Release|Any CPU.ActiveCfg = Release|Any CPU
		{CB2C4F46-DD71-48C9-9F75-FA295E8AE7F9}.Release|Any CPU.Build.0 = Release|Any CPU
		{CB2C4F46-DD71-48C9-9F75-FA295E8AE7F9}.Release|iPhone.ActiveCfg = Release|Any CPU
		{CB2C4F46-DD71-48C9-9F75-FA295E8AE7F9}.Release|iPhone.Build.0 = Release|Any CPU
		{CB2C4F46-DD71-48C9-9F75-FA295E8AE7F9}.Release|iPhoneSimulator.ActiveCfg = Release|Any CPU
		{CB2C4F46-DD71-48C9-9F75-FA295E8AE7F9}.Release|iPhoneSimulator.Build.0 = Release|Any CPU
	EndGlobalSection
	GlobalSection(SolutionProperties) = preSolution
		HideSolutionNode = FALSE
	EndGlobalSection
	GlobalSection(ExtensibilityGlobals) = postSolution
		SolutionGuid = {2AE5241C-A49E-4752-B6DD-FB8B116F85F7}
	EndGlobalSection
EndGlobal
